
Microsoft Visual Studio Solution File, Format Version 12.00
# Visual Studio 2012
# SharpDevelop 5.1
VisualStudioVersion = 14.0.24720.0
MinimumVisualStudioVersion = 10.0.40219.1
Project("{FAE04EC0-301F-11D3-BF4B-00C04F79EFBC}") = "TesterBuddy", "TesterBuddy\TesterBuddy.csproj", "{8C6E0CEF-DAA4-4C21-830A-D2336E1E36C4}"
EndProject
Project("{FAE04EC0-301F-11D3-BF4B-00C04F79EFBC}") = "XMLUtils", "..\XMLUtils\XMLUtils\XMLUtils.csproj", "{AB1931EF-907D-423E-9F2A-9ABAF00C5DB8}"
EndProject
Project("{FAE04EC0-301F-11D3-BF4B-00C04F79EFBC}") = "HostUtil", "..\HostUtil\HostUtil\HostUtil.csproj", "{409FD9E9-58F3-4534-940A-6B26E8850ED8}"
EndProject
Project("{FAE04EC0-301F-11D3-BF4B-00C04F79EFBC}") = "Settings", "..\Settings\Settings\Settings.csproj", "{AE7611D1-FC66-4186-A6AA-B8E8BEC50415}"
EndProject
Project("{FAE04EC0-301F-11D3-BF4B-00C04F79EFBC}") = "WebRequestHelper", "..\WebRequestHelper\WebRequestHelper\WebRequestHelper.csproj", "{96C67C4F-DCDF-4398-B855-1F5ACAF2EB10}"
EndProject
Project("{FAE04EC0-301F-11D3-BF4B-00C04F79EFBC}") = "DataGenerate", "..\DataGenerate\DataGenerate\DataGenerate.csproj", "{EE498E83-AD55-44B3-87F8-81636872D1B6}"
EndProject
Project("{FAE04EC0-301F-11D3-BF4B-00C04F79EFBC}") = "STAFAL", "..\STAFAL\STAFAL.csproj", "{CCA60270-AFCB-40F6-824B-536C510619F2}"
EndProject
Project("{FAE04EC0-301F-11D3-BF4B-00C04F79EFBC}") = "ArchiveHelper", "..\ArchiveHelper\ArchiveHelper.csproj", "{16F249F8-C101-44D3-8A14-65A447A54A38}"
EndProject
Global
	GlobalSection(SolutionConfigurationPlatforms) = preSolution
		Debug|Any CPU = Debug|Any CPU
		Debug|x86 = Debug|x86
		Release|Any CPU = Release|Any CPU
		Release|x86 = Release|x86
	EndGlobalSection
	GlobalSection(ProjectConfigurationPlatforms) = postSolution
		{8C6E0CEF-DAA4-4C21-830A-D2336E1E36C4}.Debug|Any CPU.ActiveCfg = Debug|Any CPU
		{8C6E0CEF-DAA4-4C21-830A-D2336E1E36C4}.Debug|Any CPU.Build.0 = Debug|Any CPU
		{8C6E0CEF-DAA4-4C21-830A-D2336E1E36C4}.Debug|x86.ActiveCfg = Debug|Any CPU
		{8C6E0CEF-DAA4-4C21-830A-D2336E1E36C4}.Debug|x86.Build.0 = Debug|Any CPU
		{8C6E0CEF-DAA4-4C21-830A-D2336E1E36C4}.Release|Any CPU.ActiveCfg = Release|Any CPU
		{8C6E0CEF-DAA4-4C21-830A-D2336E1E36C4}.Release|Any CPU.Build.0 = Release|Any CPU
		{8C6E0CEF-DAA4-4C21-830A-D2336E1E36C4}.Release|x86.ActiveCfg = Release|Any CPU
		{8C6E0CEF-DAA4-4C21-830A-D2336E1E36C4}.Release|x86.Build.0 = Release|Any CPU
		{AB1931EF-907D-423E-9F2A-9ABAF00C5DB8}.Debug|Any CPU.ActiveCfg = Debug|Any CPU
		{AB1931EF-907D-423E-9F2A-9ABAF00C5DB8}.Debug|Any CPU.Build.0 = Debug|Any CPU
		{AB1931EF-907D-423E-9F2A-9ABAF00C5DB8}.Debug|x86.ActiveCfg = Debug|Any CPU
		{AB1931EF-907D-423E-9F2A-9ABAF00C5DB8}.Debug|x86.Build.0 = Debug|Any CPU
		{AB1931EF-907D-423E-9F2A-9ABAF00C5DB8}.Release|Any CPU.ActiveCfg = Release|Any CPU
		{AB1931EF-907D-423E-9F2A-9ABAF00C5DB8}.Release|Any CPU.Build.0 = Release|Any CPU
		{AB1931EF-907D-423E-9F2A-9ABAF00C5DB8}.Release|x86.ActiveCfg = Release|Any CPU
		{AB1931EF-907D-423E-9F2A-9ABAF00C5DB8}.Release|x86.Build.0 = Release|Any CPU
		{409FD9E9-58F3-4534-940A-6B26E8850ED8}.Debug|Any CPU.ActiveCfg = Debug|Any CPU
		{409FD9E9-58F3-4534-940A-6B26E8850ED8}.Debug|Any CPU.Build.0 = Debug|Any CPU
		{409FD9E9-58F3-4534-940A-6B26E8850ED8}.Debug|x86.ActiveCfg = Debug|Any CPU
		{409FD9E9-58F3-4534-940A-6B26E8850ED8}.Debug|x86.Build.0 = Debug|Any CPU
		{409FD9E9-58F3-4534-940A-6B26E8850ED8}.Release|Any CPU.ActiveCfg = Release|Any CPU
		{409FD9E9-58F3-4534-940A-6B26E8850ED8}.Release|Any CPU.Build.0 = Release|Any CPU
		{409FD9E9-58F3-4534-940A-6B26E8850ED8}.Release|x86.ActiveCfg = Release|Any CPU
		{409FD9E9-58F3-4534-940A-6B26E8850ED8}.Release|x86.Build.0 = Release|Any CPU
		{AE7611D1-FC66-4186-A6AA-B8E8BEC50415}.Debug|Any CPU.ActiveCfg = Debug|Any CPU
		{AE7611D1-FC66-4186-A6AA-B8E8BEC50415}.Debug|Any CPU.Build.0 = Debug|Any CPU
		{AE7611D1-FC66-4186-A6AA-B8E8BEC50415}.Debug|x86.ActiveCfg = Debug|Any CPU
		{AE7611D1-FC66-4186-A6AA-B8E8BEC50415}.Debug|x86.Build.0 = Debug|Any CPU
		{AE7611D1-FC66-4186-A6AA-B8E8BEC50415}.Release|Any CPU.ActiveCfg = Release|Any CPU
		{AE7611D1-FC66-4186-A6AA-B8E8BEC50415}.Release|Any CPU.Build.0 = Release|Any CPU
		{AE7611D1-FC66-4186-A6AA-B8E8BEC50415}.Release|x86.ActiveCfg = Release|Any CPU
		{AE7611D1-FC66-4186-A6AA-B8E8BEC50415}.Release|x86.Build.0 = Release|Any CPU
		{96C67C4F-DCDF-4398-B855-1F5ACAF2EB10}.Debug|Any CPU.ActiveCfg = Debug|x86
		{96C67C4F-DCDF-4398-B855-1F5ACAF2EB10}.Debug|Any CPU.Build.0 = Debug|x86
		{96C67C4F-DCDF-4398-B855-1F5ACAF2EB10}.Debug|x86.ActiveCfg = Debug|x86
		{96C67C4F-DCDF-4398-B855-1F5ACAF2EB10}.Debug|x86.Build.0 = Debug|x86
		{96C67C4F-DCDF-4398-B855-1F5ACAF2EB10}.Release|Any CPU.ActiveCfg = Release|x86
		{96C67C4F-DCDF-4398-B855-1F5ACAF2EB10}.Release|Any CPU.Build.0 = Release|x86
		{96C67C4F-DCDF-4398-B855-1F5ACAF2EB10}.Release|x86.ActiveCfg = Release|x86
		{96C67C4F-DCDF-4398-B855-1F5ACAF2EB10}.Release|x86.Build.0 = Release|x86
		{EE498E83-AD55-44B3-87F8-81636872D1B6}.Debug|Any CPU.ActiveCfg = Debug|x86
		{EE498E83-AD55-44B3-87F8-81636872D1B6}.Debug|Any CPU.Build.0 = Debug|x86
		{EE498E83-AD55-44B3-87F8-81636872D1B6}.Debug|x86.ActiveCfg = Debug|x86
		{EE498E83-AD55-44B3-87F8-81636872D1B6}.Debug|x86.Build.0 = Debug|x86
		{EE498E83-AD55-44B3-87F8-81636872D1B6}.Release|Any CPU.ActiveCfg = Release|x86
		{EE498E83-AD55-44B3-87F8-81636872D1B6}.Release|Any CPU.Build.0 = Release|x86
		{EE498E83-AD55-44B3-87F8-81636872D1B6}.Release|x86.ActiveCfg = Release|x86
		{EE498E83-AD55-44B3-87F8-81636872D1B6}.Release|x86.Build.0 = Release|x86
		{CCA60270-AFCB-40F6-824B-536C510619F2}.Debug|Any CPU.ActiveCfg = Debug|x86
		{CCA60270-AFCB-40F6-824B-536C510619F2}.Debug|Any CPU.Build.0 = Debug|x86
		{CCA60270-AFCB-40F6-824B-536C510619F2}.Debug|x86.ActiveCfg = Debug|x86
		{CCA60270-AFCB-40F6-824B-536C510619F2}.Debug|x86.Build.0 = Debug|x86
		{CCA60270-AFCB-40F6-824B-536C510619F2}.Release|Any CPU.ActiveCfg = Release|x86
		{CCA60270-AFCB-40F6-824B-536C510619F2}.Release|Any CPU.Build.0 = Release|x86
		{CCA60270-AFCB-40F6-824B-536C510619F2}.Release|x86.ActiveCfg = Release|x86
		{CCA60270-AFCB-40F6-824B-536C510619F2}.Release|x86.Build.0 = Release|x86
		{16F249F8-C101-44D3-8A14-65A447A54A38}.Debug|Any CPU.ActiveCfg = Debug|x86
		{16F249F8-C101-44D3-8A14-65A447A54A38}.Debug|Any CPU.Build.0 = Debug|x86
		{16F249F8-C101-44D3-8A14-65A447A54A38}.Debug|x86.ActiveCfg = Debug|x86
		{16F249F8-C101-44D3-8A14-65A447A54A38}.Debug|x86.Build.0 = Debug|x86
		{16F249F8-C101-44D3-8A14-65A447A54A38}.Release|Any CPU.ActiveCfg = Release|x86
		{16F249F8-C101-44D3-8A14-65A447A54A38}.Release|Any CPU.Build.0 = Release|x86
		{16F249F8-C101-44D3-8A14-65A447A54A38}.Release|x86.ActiveCfg = Release|x86
		{16F249F8-C101-44D3-8A14-65A447A54A38}.Release|x86.Build.0 = Release|x86
	EndGlobalSection
	GlobalSection(SolutionProperties) = preSolution
		HideSolutionNode = FALSE
	EndGlobalSection
EndGlobal
